
Microsoft Visual Studio Solution File, Format Version 12.00
# Visual Studio Version 17
VisualStudioVersion = 17.4.33213.308
MinimumVisualStudioVersion = 10.0.40219.1
Project("{FAE04EC0-301F-11D3-BF4B-00C04F79EFBC}") = "ComponentDemo", "ComponentDemo\ComponentDemo.csproj", "{B0F1FF6B-A586-4C68-B0E6-BC970D23CFF0}"
EndProject
Global
	GlobalSection(SolutionConfigurationPlatforms) = preSolution
		Debug|Any CPU = Debug|Any CPU
		Release|Any CPU = Release|Any CPU
	EndGlobalSection
	GlobalSection(ProjectConfigurationPlatforms) = postSolution
		{B0F1FF6B-A586-4C68-B0E6-BC970D23CFF0}.Debug|Any CPU.ActiveCfg = Debug|Any CPU
		{B0F1FF6B-A586-4C68-B0E6-BC970D23CFF0}.Debug|Any CPU.Build.0 = Debug|Any CPU
		{B0F1FF6B-A586-4C68-B0E6-BC970D23CFF0}.Release|Any CPU.ActiveCfg = Release|Any CPU
		{B0F1FF6B-A586-4C68-B0E6-BC970D23CFF0}.Release|Any CPU.Build.0 = Release|Any CPU
	EndGlobalSection
	GlobalSection(SolutionProperties) = preSolution
		HideSolutionNode = FALSE
	EndGlobalSection
	GlobalSection(ExtensibilityGlobals) = postSolution
		SolutionGuid = {51B6436F-0A74-4FD4-BE53-6F174864A20C}
	EndGlobalSection
EndGlobal
