
Microsoft Visual Studio Solution File, Format Version 12.00
# Visual Studio Version 17
VisualStudioVersion = 17.5.002.0
MinimumVisualStudioVersion = 10.0.40219.1
Project("{9A19103F-16F7-4668-BE54-9A1E7A4F7556}") = "FormulaOne", "FormulaOne.csproj", "{9EDF354F-8347-4A46-8AC4-158D562A20F7}"
EndProject
Global
	GlobalSection(SolutionConfigurationPlatforms) = preSolution
		Debug|Any CPU = Debug|Any CPU
		Release|Any CPU = Release|Any CPU
	EndGlobalSection
	GlobalSection(ProjectConfigurationPlatforms) = postSolution
		{9EDF354F-8347-4A46-8AC4-158D562A20F7}.Debug|Any CPU.ActiveCfg = Debug|Any CPU
		{9EDF354F-8347-4A46-8AC4-158D562A20F7}.Debug|Any CPU.Build.0 = Debug|Any CPU
		{9EDF354F-8347-4A46-8AC4-158D562A20F7}.Release|Any CPU.ActiveCfg = Release|Any CPU
		{9EDF354F-8347-4A46-8AC4-158D562A20F7}.Release|Any CPU.Build.0 = Release|Any CPU
	EndGlobalSection
	GlobalSection(SolutionProperties) = preSolution
		HideSolutionNode = FALSE
	EndGlobalSection
	GlobalSection(ExtensibilityGlobals) = postSolution
		SolutionGuid = {B6ED773E-735D-44B6-BFBD-C2095553CA6C}
	EndGlobalSection
EndGlobal
