
Microsoft Visual Studio Solution File, Format Version 12.00
Project("{FAE04EC0-301F-11D3-BF4B-00C04F79EFBC}") = "EmployeeManagement", "EmployeeManagement\EmployeeManagement.csproj", "{69754E9F-DD0E-48BA-9255-6607FD8B1B86}"
EndProject
Project("{FAE04EC0-301F-11D3-BF4B-00C04F79EFBC}") = "EmployeeManagement.DataAccess", "EmployeeManagement.DataAccess\EmployeeManagement.DataAccess.csproj", "{5C2A60D2-4CC1-40C0-84FF-9906D7A62ACA}"
EndProject
Global
	GlobalSection(SolutionConfigurationPlatforms) = preSolution
		Debug|Any CPU = Debug|Any CPU
		Release|Any CPU = Release|Any CPU
	EndGlobalSection
	GlobalSection(ProjectConfigurationPlatforms) = postSolution
		{69754E9F-DD0E-48BA-9255-6607FD8B1B86}.Debug|Any CPU.ActiveCfg = Debug|Any CPU
		{69754E9F-DD0E-48BA-9255-6607FD8B1B86}.Debug|Any CPU.Build.0 = Debug|Any CPU
		{69754E9F-DD0E-48BA-9255-6607FD8B1B86}.Release|Any CPU.ActiveCfg = Release|Any CPU
		{69754E9F-DD0E-48BA-9255-6607FD8B1B86}.Release|Any CPU.Build.0 = Release|Any CPU
		{5C2A60D2-4CC1-40C0-84FF-9906D7A62ACA}.Debug|Any CPU.ActiveCfg = Debug|Any CPU
		{5C2A60D2-4CC1-40C0-84FF-9906D7A62ACA}.Debug|Any CPU.Build.0 = Debug|Any CPU
		{5C2A60D2-4CC1-40C0-84FF-9906D7A62ACA}.Release|Any CPU.ActiveCfg = Release|Any CPU
		{5C2A60D2-4CC1-40C0-84FF-9906D7A62ACA}.Release|Any CPU.Build.0 = Release|Any CPU
	EndGlobalSection
EndGlobal
