
Microsoft Visual Studio Solution File, Format Version 12.00
# Visual Studio Version 17
VisualStudioVersion = 17.5.002.0
MinimumVisualStudioVersion = 10.0.40219.1
Project("{9A19103F-16F7-4668-BE54-9A1E7A4F7556}") = "RPCServer", "RPCServer.csproj", "{6E6C19B6-0CC9-4164-A779-CB32385EDE10}"
EndProject
Global
	GlobalSection(SolutionConfigurationPlatforms) = preSolution
		Debug|Any CPU = Debug|Any CPU
		Release|Any CPU = Release|Any CPU
	EndGlobalSection
	GlobalSection(ProjectConfigurationPlatforms) = postSolution
		{6E6C19B6-0CC9-4164-A779-CB32385EDE10}.Debug|Any CPU.ActiveCfg = Debug|Any CPU
		{6E6C19B6-0CC9-4164-A779-CB32385EDE10}.Debug|Any CPU.Build.0 = Debug|Any CPU
		{6E6C19B6-0CC9-4164-A779-CB32385EDE10}.Release|Any CPU.ActiveCfg = Release|Any CPU
		{6E6C19B6-0CC9-4164-A779-CB32385EDE10}.Release|Any CPU.Build.0 = Release|Any CPU
	EndGlobalSection
	GlobalSection(SolutionProperties) = preSolution
		HideSolutionNode = FALSE
	EndGlobalSection
	GlobalSection(ExtensibilityGlobals) = postSolution
		SolutionGuid = {DF80AE0D-ABAA-4A2A-8E88-F27757D8250A}
	EndGlobalSection
EndGlobal
