
Microsoft Visual Studio Solution File, Format Version 12.00
# Visual Studio Version 17
VisualStudioVersion = 17.5.002.0
MinimumVisualStudioVersion = 10.0.40219.1
Project("{9A19103F-16F7-4668-BE54-9A1E7A4F7556}") = "NewTask", "NewTask.csproj", "{5D22C3CF-0A02-42C8-8143-DF694A0B4876}"
EndProject
Global
	GlobalSection(SolutionConfigurationPlatforms) = preSolution
		Debug|Any CPU = Debug|Any CPU
		Release|Any CPU = Release|Any CPU
	EndGlobalSection
	GlobalSection(ProjectConfigurationPlatforms) = postSolution
		{5D22C3CF-0A02-42C8-8143-DF694A0B4876}.Debug|Any CPU.ActiveCfg = Debug|Any CPU
		{5D22C3CF-0A02-42C8-8143-DF694A0B4876}.Debug|Any CPU.Build.0 = Debug|Any CPU
		{5D22C3CF-0A02-42C8-8143-DF694A0B4876}.Release|Any CPU.ActiveCfg = Release|Any CPU
		{5D22C3CF-0A02-42C8-8143-DF694A0B4876}.Release|Any CPU.Build.0 = Release|Any CPU
	EndGlobalSection
	GlobalSection(SolutionProperties) = preSolution
		HideSolutionNode = FALSE
	EndGlobalSection
	GlobalSection(ExtensibilityGlobals) = postSolution
		SolutionGuid = {F726E1A9-5EEB-4A3C-BAA5-2379DB1C3F06}
	EndGlobalSection
EndGlobal
